Microsoft Visual Studio Solution File, Format Version 11.00
# Visual Studio 2010
Project("{2150E333-8FDC-42A3-9474-1A3956D46DE8}") = "DBContext", "DBContext", "{72E07869-A214-441D-AC65-F4F532B298EF}"
EndProject
Project("{FAE04EC0-301F-11D3-BF4B-00C04F79EFBC}") = "beango.model", "beango.model\beango.model.csproj", "{9A1693A5-3C99-44DF-9C73-D97D057EEAAE}"
EndProject
Project("{2150E333-8FDC-42A3-9474-1A3956D46DE8}") = "beango.npoi", "beango.npoi", "{BC773F21-7F0F-4C9B-8C46-8C56BBAB46F0}"
EndProject
Project("{FAE04EC0-301F-11D3-BF4B-00C04F79EFBC}") = "beango.npoi", "beango.npoi\beango.npoi.csproj", "{A4E71125-25A8-43EA-BDFB-A449575CD815}"
EndProject
Project("{2150E333-8FDC-42A3-9474-1A3956D46DE8}") = "WinService", "WinService", "{876D6D49-55C0-43CD-BB45-0A15EC0D9D6B}"
EndProject
Project("{FAE04EC0-301F-11D3-BF4B-00C04F79EFBC}") = "beango.quartz", "beango.quartz\beango.quartz.csproj", "{239C8B35-4245-478E-846F-8491A9877CB3}"
EndProject
Project("{2150E333-8FDC-42A3-9474-1A3956D46DE8}") = "Common", "Common", "{12C28F77-3E80-4D64-A00B-D3032BBBF16D}"
EndProject
Project("{FAE04EC0-301F-11D3-BF4B-00C04F79EFBC}") = "beango.util", "beango.util\beango.util.csproj", "{E2D7AF80-85DB-41A0-BFD5-2FFADC916A12}"
EndProject
Project("{FAE04EC0-301F-11D3-BF4B-00C04F79EFBC}") = "beango.dal", "beango.dal\beango.dal.csproj", "{0CED86E8-C97C-4CB1-999A-5C4774DC4657}"
EndProject
Project("{FAE04EC0-301F-11D3-BF4B-00C04F79EFBC}") = "beango.test", "beango.test\beango.test.csproj", "{04A61E3D-A266-4253-BE52-70BC0356EDD9}"
EndProject
Project("{FAE04EC0-301F-11D3-BF4B-00C04F79EFBC}") = "beango.speedm", "beango.speedm\beango.speedm.csproj", "{51F82CE3-7223-42D7-9E86-46FD6BC8D2C4}"
EndProject
Project("{FAE04EC0-301F-11D3-BF4B-00C04F79EFBC}") = "beango.util.test", "beango.util.test\beango.util.test.csproj", "{C35415C3-22FF-4CD6-A0ED-2EF388B22DBC}"
EndProject
Project("{FAE04EC0-301F-11D3-BF4B-00C04F79EFBC}") = "beango.northwindmvc", "beango.northwindmvc\beango.northwindmvc.csproj", "{E346486C-1D38-41BD-97BA-FA22FFB4DE28}"
EndProject
Project("{2150E333-8FDC-42A3-9474-1A3956D46DE8}") = "MvcModel", "MvcModel", "{007F6A2E-066B-49C1-B68F-88F3C7350B55}"
EndProject
Project("{FAE04EC0-301F-11D3-BF4B-00C04F79EFBC}") = "beango.nauth", "beango.nauth\beango.nauth.csproj", "{C1900FA2-74F5-4801-9830-D2263FEF38C5}"
EndProject
Project("{2150E333-8FDC-42A3-9474-1A3956D46DE8}") = "beango.wpf", "beango.wpf", "{F84AF4AE-C1B0-4736-A158-11EF7C5813C1}"
EndProject
Project("{FAE04EC0-301F-11D3-BF4B-00C04F79EFBC}") = "beango.wpf", "beango.wpf\beango.wpf.csproj", "{EEA13A5B-427C-4EAA-9636-7489888E1D03}"
EndProject
Project("{FAE04EC0-301F-11D3-BF4B-00C04F79EFBC}") = "beango.util.testp", "beango.util.testp\beango.util.testp.csproj", "{36EC1832-A0FF-41A6-89B0-42EB7743B71E}"
EndProject
Project("{2150E333-8FDC-42A3-9474-1A3956D46DE8}") = "Solution Items", "Solution Items", "{A2EC37BC-C9D2-4C73-AB17-024AD69F9773}"
	ProjectSection(SolutionItems) = preProject
		beango.vsmdi = beango.vsmdi
		Local.testsettings = Local.testsettings
		TraceAndTestImpact.testsettings = TraceAndTestImpact.testsettings
	EndProjectSection
EndProject
Global
	GlobalSection(TestCaseManagementSettings) = postSolution
		CategoryFile = beango.vsmdi
	EndGlobalSection
	GlobalSection(SolutionConfigurationPlatforms) = preSolution
		Debug|Any CPU = Debug|Any CPU
		Debug|Mixed Platforms = Debug|Mixed Platforms
		Debug|x86 = Debug|x86
		Release|Any CPU = Release|Any CPU
		Release|Mixed Platforms = Release|Mixed Platforms
		Release|x86 = Release|x86
	EndGlobalSection
	GlobalSection(ProjectConfigurationPlatforms) = postSolution
		{9A1693A5-3C99-44DF-9C73-D97D057EEAAE}.Debug|Any CPU.ActiveCfg = Debug|Any CPU
		{9A1693A5-3C99-44DF-9C73-D97D057EEAAE}.Debug|Any CPU.Build.0 = Debug|Any CPU
		{9A1693A5-3C99-44DF-9C73-D97D057EEAAE}.Debug|Mixed Platforms.ActiveCfg = Debug|Any CPU
		{9A1693A5-3C99-44DF-9C73-D97D057EEAAE}.Debug|Mixed Platforms.Build.0 = Debug|Any CPU
		{9A1693A5-3C99-44DF-9C73-D97D057EEAAE}.Debug|x86.ActiveCfg = Debug|Any CPU
		{9A1693A5-3C99-44DF-9C73-D97D057EEAAE}.Release|Any CPU.ActiveCfg = Release|Any CPU
		{9A1693A5-3C99-44DF-9C73-D97D057EEAAE}.Release|Any CPU.Build.0 = Release|Any CPU
		{9A1693A5-3C99-44DF-9C73-D97D057EEAAE}.Release|Mixed Platforms.ActiveCfg = Release|Any CPU
		{9A1693A5-3C99-44DF-9C73-D97D057EEAAE}.Release|Mixed Platforms.Build.0 = Release|Any CPU
		{9A1693A5-3C99-44DF-9C73-D97D057EEAAE}.Release|x86.ActiveCfg = Release|Any CPU
		{A4E71125-25A8-43EA-BDFB-A449575CD815}.Debug|Any CPU.ActiveCfg = Debug|x86
		{A4E71125-25A8-43EA-BDFB-A449575CD815}.Debug|Mixed Platforms.ActiveCfg = Debug|x86
		{A4E71125-25A8-43EA-BDFB-A449575CD815}.Debug|Mixed Platforms.Build.0 = Debug|x86
		{A4E71125-25A8-43EA-BDFB-A449575CD815}.Debug|x86.ActiveCfg = Debug|x86
		{A4E71125-25A8-43EA-BDFB-A449575CD815}.Debug|x86.Build.0 = Debug|x86
		{A4E71125-25A8-43EA-BDFB-A449575CD815}.Release|Any CPU.ActiveCfg = Release|x86
		{A4E71125-25A8-43EA-BDFB-A449575CD815}.Release|Mixed Platforms.ActiveCfg = Release|x86
		{A4E71125-25A8-43EA-BDFB-A449575CD815}.Release|Mixed Platforms.Build.0 = Release|x86
		{A4E71125-25A8-43EA-BDFB-A449575CD815}.Release|x86.ActiveCfg = Release|x86
		{A4E71125-25A8-43EA-BDFB-A449575CD815}.Release|x86.Build.0 = Release|x86
		{239C8B35-4245-478E-846F-8491A9877CB3}.Debug|Any CPU.ActiveCfg = Debug|x86
		{239C8B35-4245-478E-846F-8491A9877CB3}.Debug|Mixed Platforms.ActiveCfg = Debug|x86
		{239C8B35-4245-478E-846F-8491A9877CB3}.Debug|Mixed Platforms.Build.0 = Debug|x86
		{239C8B35-4245-478E-846F-8491A9877CB3}.Debug|x86.ActiveCfg = Debug|x86
		{239C8B35-4245-478E-846F-8491A9877CB3}.Debug|x86.Build.0 = Debug|x86
		{239C8B35-4245-478E-846F-8491A9877CB3}.Release|Any CPU.ActiveCfg = Release|x86
		{239C8B35-4245-478E-846F-8491A9877CB3}.Release|Mixed Platforms.ActiveCfg = Release|x86
		{239C8B35-4245-478E-846F-8491A9877CB3}.Release|Mixed Platforms.Build.0 = Release|x86
		{239C8B35-4245-478E-846F-8491A9877CB3}.Release|x86.ActiveCfg = Release|x86
		{239C8B35-4245-478E-846F-8491A9877CB3}.Release|x86.Build.0 = Release|x86
		{E2D7AF80-85DB-41A0-BFD5-2FFADC916A12}.Debug|Any CPU.ActiveCfg = Debug|Any CPU
		{E2D7AF80-85DB-41A0-BFD5-2FFADC916A12}.Debug|Any CPU.Build.0 = Debug|Any CPU
		{E2D7AF80-85DB-41A0-BFD5-2FFADC916A12}.Debug|Mixed Platforms.ActiveCfg = Debug|Any CPU
		{E2D7AF80-85DB-41A0-BFD5-2FFADC916A12}.Debug|Mixed Platforms.Build.0 = Debug|Any CPU
		{E2D7AF80-85DB-41A0-BFD5-2FFADC916A12}.Debug|x86.ActiveCfg = Debug|Any CPU
		{E2D7AF80-85DB-41A0-BFD5-2FFADC916A12}.Release|Any CPU.ActiveCfg = Release|Any CPU
		{E2D7AF80-85DB-41A0-BFD5-2FFADC916A12}.Release|Any CPU.Build.0 = Release|Any CPU
		{E2D7AF80-85DB-41A0-BFD5-2FFADC916A12}.Release|Mixed Platforms.ActiveCfg = Release|Any CPU
		{E2D7AF80-85DB-41A0-BFD5-2FFADC916A12}.Release|Mixed Platforms.Build.0 = Release|Any CPU
		{E2D7AF80-85DB-41A0-BFD5-2FFADC916A12}.Release|x86.ActiveCfg = Release|Any CPU
		{0CED86E8-C97C-4CB1-999A-5C4774DC4657}.Debug|Any CPU.ActiveCfg = Debug|Any CPU
		{0CED86E8-C97C-4CB1-999A-5C4774DC4657}.Debug|Any CPU.Build.0 = Debug|Any CPU
		{0CED86E8-C97C-4CB1-999A-5C4774DC4657}.Debug|Mixed Platforms.ActiveCfg = Debug|Any CPU
		{0CED86E8-C97C-4CB1-999A-5C4774DC4657}.Debug|Mixed Platforms.Build.0 = Debug|Any CPU
		{0CED86E8-C97C-4CB1-999A-5C4774DC4657}.Debug|x86.ActiveCfg = Debug|Any CPU
		{0CED86E8-C97C-4CB1-999A-5C4774DC4657}.Release|Any CPU.ActiveCfg = Release|Any CPU
		{0CED86E8-C97C-4CB1-999A-5C4774DC4657}.Release|Any CPU.Build.0 = Release|Any CPU
		{0CED86E8-C97C-4CB1-999A-5C4774DC4657}.Release|Mixed Platforms.ActiveCfg = Release|Any CPU
		{0CED86E8-C97C-4CB1-999A-5C4774DC4657}.Release|Mixed Platforms.Build.0 = Release|Any CPU
		{0CED86E8-C97C-4CB1-999A-5C4774DC4657}.Release|x86.ActiveCfg = Release|Any CPU
		{04A61E3D-A266-4253-BE52-70BC0356EDD9}.Debug|Any CPU.ActiveCfg = Debug|x86
		{04A61E3D-A266-4253-BE52-70BC0356EDD9}.Debug|Mixed Platforms.ActiveCfg = Debug|x86
		{04A61E3D-A266-4253-BE52-70BC0356EDD9}.Debug|Mixed Platforms.Build.0 = Debug|x86
		{04A61E3D-A266-4253-BE52-70BC0356EDD9}.Debug|x86.ActiveCfg = Debug|x86
		{04A61E3D-A266-4253-BE52-70BC0356EDD9}.Debug|x86.Build.0 = Debug|x86
		{04A61E3D-A266-4253-BE52-70BC0356EDD9}.Release|Any CPU.ActiveCfg = Release|x86
		{04A61E3D-A266-4253-BE52-70BC0356EDD9}.Release|Mixed Platforms.ActiveCfg = Release|x86
		{04A61E3D-A266-4253-BE52-70BC0356EDD9}.Release|Mixed Platforms.Build.0 = Release|x86
		{04A61E3D-A266-4253-BE52-70BC0356EDD9}.Release|x86.ActiveCfg = Release|x86
		{04A61E3D-A266-4253-BE52-70BC0356EDD9}.Release|x86.Build.0 = Release|x86
		{51F82CE3-7223-42D7-9E86-46FD6BC8D2C4}.Debug|Any CPU.ActiveCfg = Debug|x86
		{51F82CE3-7223-42D7-9E86-46FD6BC8D2C4}.Debug|Mixed Platforms.ActiveCfg = Debug|x86
		{51F82CE3-7223-42D7-9E86-46FD6BC8D2C4}.Debug|Mixed Platforms.Build.0 = Debug|x86
		{51F82CE3-7223-42D7-9E86-46FD6BC8D2C4}.Debug|x86.ActiveCfg = Debug|x86
		{51F82CE3-7223-42D7-9E86-46FD6BC8D2C4}.Debug|x86.Build.0 = Debug|x86
		{51F82CE3-7223-42D7-9E86-46FD6BC8D2C4}.Release|Any CPU.ActiveCfg = Release|x86
		{51F82CE3-7223-42D7-9E86-46FD6BC8D2C4}.Release|Mixed Platforms.ActiveCfg = Release|x86
		{51F82CE3-7223-42D7-9E86-46FD6BC8D2C4}.Release|Mixed Platforms.Build.0 = Release|x86
		{51F82CE3-7223-42D7-9E86-46FD6BC8D2C4}.Release|x86.ActiveCfg = Release|x86
		{51F82CE3-7223-42D7-9E86-46FD6BC8D2C4}.Release|x86.Build.0 = Release|x86
		{C35415C3-22FF-4CD6-A0ED-2EF388B22DBC}.Debug|Any CPU.ActiveCfg = Debug|x86
		{C35415C3-22FF-4CD6-A0ED-2EF388B22DBC}.Debug|Mixed Platforms.ActiveCfg = Debug|x86
		{C35415C3-22FF-4CD6-A0ED-2EF388B22DBC}.Debug|Mixed Platforms.Build.0 = Debug|x86
		{C35415C3-22FF-4CD6-A0ED-2EF388B22DBC}.Debug|x86.ActiveCfg = Debug|x86
		{C35415C3-22FF-4CD6-A0ED-2EF388B22DBC}.Debug|x86.Build.0 = Debug|x86
		{C35415C3-22FF-4CD6-A0ED-2EF388B22DBC}.Release|Any CPU.ActiveCfg = Release|x86
		{C35415C3-22FF-4CD6-A0ED-2EF388B22DBC}.Release|Mixed Platforms.ActiveCfg = Release|x86
		{C35415C3-22FF-4CD6-A0ED-2EF388B22DBC}.Release|Mixed Platforms.Build.0 = Release|x86
		{C35415C3-22FF-4CD6-A0ED-2EF388B22DBC}.Release|x86.ActiveCfg = Release|x86
		{C35415C3-22FF-4CD6-A0ED-2EF388B22DBC}.Release|x86.Build.0 = Release|x86
		{E346486C-1D38-41BD-97BA-FA22FFB4DE28}.Debug|Any CPU.ActiveCfg = Debug|Any CPU
		{E346486C-1D38-41BD-97BA-FA22FFB4DE28}.Debug|Any CPU.Build.0 = Debug|Any CPU
		{E346486C-1D38-41BD-97BA-FA22FFB4DE28}.Debug|Mixed Platforms.ActiveCfg = Debug|Any CPU
		{E346486C-1D38-41BD-97BA-FA22FFB4DE28}.Debug|Mixed Platforms.Build.0 = Debug|Any CPU
		{E346486C-1D38-41BD-97BA-FA22FFB4DE28}.Debug|x86.ActiveCfg = Debug|Any CPU
		{E346486C-1D38-41BD-97BA-FA22FFB4DE28}.Release|Any CPU.ActiveCfg = Release|Any CPU
		{E346486C-1D38-41BD-97BA-FA22FFB4DE28}.Release|Any CPU.Build.0 = Release|Any CPU
		{E346486C-1D38-41BD-97BA-FA22FFB4DE28}.Release|Mixed Platforms.ActiveCfg = Release|Any CPU
		{E346486C-1D38-41BD-97BA-FA22FFB4DE28}.Release|Mixed Platforms.Build.0 = Release|Any CPU
		{E346486C-1D38-41BD-97BA-FA22FFB4DE28}.Release|x86.ActiveCfg = Release|Any CPU
		{C1900FA2-74F5-4801-9830-D2263FEF38C5}.Debug|Any CPU.ActiveCfg = Debug|Any CPU
		{C1900FA2-74F5-4801-9830-D2263FEF38C5}.Debug|Any CPU.Build.0 = Debug|Any CPU
		{C1900FA2-74F5-4801-9830-D2263FEF38C5}.Debug|Mixed Platforms.ActiveCfg = Debug|Any CPU
		{C1900FA2-74F5-4801-9830-D2263FEF38C5}.Debug|Mixed Platforms.Build.0 = Debug|Any CPU
		{C1900FA2-74F5-4801-9830-D2263FEF38C5}.Debug|x86.ActiveCfg = Debug|Any CPU
		{C1900FA2-74F5-4801-9830-D2263FEF38C5}.Release|Any CPU.ActiveCfg = Release|Any CPU
		{C1900FA2-74F5-4801-9830-D2263FEF38C5}.Release|Any CPU.Build.0 = Release|Any CPU
		{C1900FA2-74F5-4801-9830-D2263FEF38C5}.Release|Mixed Platforms.ActiveCfg = Release|Any CPU
		{C1900FA2-74F5-4801-9830-D2263FEF38C5}.Release|Mixed Platforms.Build.0 = Release|Any CPU
		{C1900FA2-74F5-4801-9830-D2263FEF38C5}.Release|x86.ActiveCfg = Release|Any CPU
		{EEA13A5B-427C-4EAA-9636-7489888E1D03}.Debug|Any CPU.ActiveCfg = Debug|x86
		{EEA13A5B-427C-4EAA-9636-7489888E1D03}.Debug|Mixed Platforms.ActiveCfg = Debug|x86
		{EEA13A5B-427C-4EAA-9636-7489888E1D03}.Debug|Mixed Platforms.Build.0 = Debug|x86
		{EEA13A5B-427C-4EAA-9636-7489888E1D03}.Debug|x86.ActiveCfg = Debug|x86
		{EEA13A5B-427C-4EAA-9636-7489888E1D03}.Debug|x86.Build.0 = Debug|x86
		{EEA13A5B-427C-4EAA-9636-7489888E1D03}.Release|Any CPU.ActiveCfg = Release|x86
		{EEA13A5B-427C-4EAA-9636-7489888E1D03}.Release|Mixed Platforms.ActiveCfg = Release|x86
		{EEA13A5B-427C-4EAA-9636-7489888E1D03}.Release|Mixed Platforms.Build.0 = Release|x86
		{EEA13A5B-427C-4EAA-9636-7489888E1D03}.Release|x86.ActiveCfg = Release|x86
		{EEA13A5B-427C-4EAA-9636-7489888E1D03}.Release|x86.Build.0 = Release|x86
		{36EC1832-A0FF-41A6-89B0-42EB7743B71E}.Debug|Any CPU.ActiveCfg = Debug|Any CPU
		{36EC1832-A0FF-41A6-89B0-42EB7743B71E}.Debug|Any CPU.Build.0 = Debug|Any CPU
		{36EC1832-A0FF-41A6-89B0-42EB7743B71E}.Debug|Mixed Platforms.ActiveCfg = Debug|Any CPU
		{36EC1832-A0FF-41A6-89B0-42EB7743B71E}.Debug|Mixed Platforms.Build.0 = Debug|Any CPU
		{36EC1832-A0FF-41A6-89B0-42EB7743B71E}.Debug|x86.ActiveCfg = Debug|Any CPU
		{36EC1832-A0FF-41A6-89B0-42EB7743B71E}.Release|Any CPU.ActiveCfg = Release|Any CPU
		{36EC1832-A0FF-41A6-89B0-42EB7743B71E}.Release|Any CPU.Build.0 = Release|Any CPU
		{36EC1832-A0FF-41A6-89B0-42EB7743B71E}.Release|Mixed Platforms.ActiveCfg = Release|Any CPU
		{36EC1832-A0FF-41A6-89B0-42EB7743B71E}.Release|Mixed Platforms.Build.0 = Release|Any CPU
		{36EC1832-A0FF-41A6-89B0-42EB7743B71E}.Release|x86.ActiveCfg = Release|Any CPU
	EndGlobalSection
	GlobalSection(SolutionProperties) = preSolution
		HideSolutionNode = FALSE
	EndGlobalSection
	GlobalSection(NestedProjects) = preSolution
		{9A1693A5-3C99-44DF-9C73-D97D057EEAAE} = {72E07869-A214-441D-AC65-F4F532B298EF}
		{0CED86E8-C97C-4CB1-999A-5C4774DC4657} = {72E07869-A214-441D-AC65-F4F532B298EF}
		{A4E71125-25A8-43EA-BDFB-A449575CD815} = {BC773F21-7F0F-4C9B-8C46-8C56BBAB46F0}
		{239C8B35-4245-478E-846F-8491A9877CB3} = {876D6D49-55C0-43CD-BB45-0A15EC0D9D6B}
		{04A61E3D-A266-4253-BE52-70BC0356EDD9} = {876D6D49-55C0-43CD-BB45-0A15EC0D9D6B}
		{E2D7AF80-85DB-41A0-BFD5-2FFADC916A12} = {12C28F77-3E80-4D64-A00B-D3032BBBF16D}
		{C35415C3-22FF-4CD6-A0ED-2EF388B22DBC} = {12C28F77-3E80-4D64-A00B-D3032BBBF16D}
		{36EC1832-A0FF-41A6-89B0-42EB7743B71E} = {12C28F77-3E80-4D64-A00B-D3032BBBF16D}
		{A2EC37BC-C9D2-4C73-AB17-024AD69F9773} = {12C28F77-3E80-4D64-A00B-D3032BBBF16D}
		{E346486C-1D38-41BD-97BA-FA22FFB4DE28} = {007F6A2E-066B-49C1-B68F-88F3C7350B55}
		{C1900FA2-74F5-4801-9830-D2263FEF38C5} = {007F6A2E-066B-49C1-B68F-88F3C7350B55}
		{EEA13A5B-427C-4EAA-9636-7489888E1D03} = {F84AF4AE-C1B0-4736-A158-11EF7C5813C1}
	EndGlobalSection
EndGlobal
