
Microsoft Visual Studio Solution File, Format Version 12.00
# Visual Studio 2013
VisualStudioVersion = 12.0.31101.0
MinimumVisualStudioVersion = 10.0.40219.1
Project("{FAE04EC0-301F-11D3-BF4B-00C04F79EFBC}") = "web", "web\web.csproj", "{DDB61EA8-DF6F-42BC-A4D5-6E83834FD54D}"
EndProject
Project("{FAE04EC0-301F-11D3-BF4B-00C04F79EFBC}") = "web.core", "web.core\web.core.csproj", "{4095A0DD-354A-4A7B-95EC-B579E416E6D9}"
EndProject
Project("{FAE04EC0-301F-11D3-BF4B-00C04F79EFBC}") = "common", "common\common.csproj", "{F17D9892-44A5-4EBD-8A09-60C8661DD6CF}"
EndProject
Project("{FAE04EC0-301F-11D3-BF4B-00C04F79EFBC}") = "dal.ef", "dal.ef\dal.ef.csproj", "{49FD69F5-3DD8-43ED-87CD-3B6A2CAFB498}"
EndProject
Project("{FAE04EC0-301F-11D3-BF4B-00C04F79EFBC}") = "model.ef", "model.ef\model.ef.csproj", "{40ADBFB0-FC83-44ED-8718-DA300EC5B844}"
EndProject
Project("{FAE04EC0-301F-11D3-BF4B-00C04F79EFBC}") = "model.petapoco", "model.petapoco\model.petapoco.csproj", "{78D3BCDA-C463-45A4-BECD-53011FFEB461}"
EndProject
Project("{FAE04EC0-301F-11D3-BF4B-00C04F79EFBC}") = "dal.petapoco", "dal.petapoco\dal.petapoco.csproj", "{AD018AFF-3DA4-40CF-B20E-B5E77BF66B5E}"
EndProject
Project("{2150E333-8FDC-42A3-9474-1A3956D46DE8}") = "ef", "ef", "{E2623069-AF06-4D18-82A3-19F882ADFE53}"
EndProject
Project("{2150E333-8FDC-42A3-9474-1A3956D46DE8}") = "petapoco", "petapoco", "{8A5248F3-ECC3-456B-A90F-70AFFE8A2894}"
EndProject
Project("{FAE04EC0-301F-11D3-BF4B-00C04F79EFBC}") = "dal", "dal\dal.csproj", "{FCF305D3-6D7B-4E33-B025-5346EA41F08F}"
EndProject
Global
	GlobalSection(SolutionConfigurationPlatforms) = preSolution
		Debug|Any CPU = Debug|Any CPU
		Release|Any CPU = Release|Any CPU
	EndGlobalSection
	GlobalSection(ProjectConfigurationPlatforms) = postSolution
		{DDB61EA8-DF6F-42BC-A4D5-6E83834FD54D}.Debug|Any CPU.ActiveCfg = Debug|Any CPU
		{DDB61EA8-DF6F-42BC-A4D5-6E83834FD54D}.Debug|Any CPU.Build.0 = Debug|Any CPU
		{DDB61EA8-DF6F-42BC-A4D5-6E83834FD54D}.Release|Any CPU.ActiveCfg = Release|Any CPU
		{DDB61EA8-DF6F-42BC-A4D5-6E83834FD54D}.Release|Any CPU.Build.0 = Release|Any CPU
		{4095A0DD-354A-4A7B-95EC-B579E416E6D9}.Debug|Any CPU.ActiveCfg = Debug|Any CPU
		{4095A0DD-354A-4A7B-95EC-B579E416E6D9}.Debug|Any CPU.Build.0 = Debug|Any CPU
		{4095A0DD-354A-4A7B-95EC-B579E416E6D9}.Release|Any CPU.ActiveCfg = Release|Any CPU
		{4095A0DD-354A-4A7B-95EC-B579E416E6D9}.Release|Any CPU.Build.0 = Release|Any CPU
		{F17D9892-44A5-4EBD-8A09-60C8661DD6CF}.Debug|Any CPU.ActiveCfg = Debug|Any CPU
		{F17D9892-44A5-4EBD-8A09-60C8661DD6CF}.Debug|Any CPU.Build.0 = Debug|Any CPU
		{F17D9892-44A5-4EBD-8A09-60C8661DD6CF}.Release|Any CPU.ActiveCfg = Release|Any CPU
		{F17D9892-44A5-4EBD-8A09-60C8661DD6CF}.Release|Any CPU.Build.0 = Release|Any CPU
		{49FD69F5-3DD8-43ED-87CD-3B6A2CAFB498}.Debug|Any CPU.ActiveCfg = Debug|Any CPU
		{49FD69F5-3DD8-43ED-87CD-3B6A2CAFB498}.Debug|Any CPU.Build.0 = Debug|Any CPU
		{49FD69F5-3DD8-43ED-87CD-3B6A2CAFB498}.Release|Any CPU.ActiveCfg = Release|Any CPU
		{49FD69F5-3DD8-43ED-87CD-3B6A2CAFB498}.Release|Any CPU.Build.0 = Release|Any CPU
		{40ADBFB0-FC83-44ED-8718-DA300EC5B844}.Debug|Any CPU.ActiveCfg = Debug|Any CPU
		{40ADBFB0-FC83-44ED-8718-DA300EC5B844}.Debug|Any CPU.Build.0 = Debug|Any CPU
		{40ADBFB0-FC83-44ED-8718-DA300EC5B844}.Release|Any CPU.ActiveCfg = Release|Any CPU
		{40ADBFB0-FC83-44ED-8718-DA300EC5B844}.Release|Any CPU.Build.0 = Release|Any CPU
		{78D3BCDA-C463-45A4-BECD-53011FFEB461}.Debug|Any CPU.ActiveCfg = Debug|Any CPU
		{78D3BCDA-C463-45A4-BECD-53011FFEB461}.Debug|Any CPU.Build.0 = Debug|Any CPU
		{78D3BCDA-C463-45A4-BECD-53011FFEB461}.Release|Any CPU.ActiveCfg = Release|Any CPU
		{78D3BCDA-C463-45A4-BECD-53011FFEB461}.Release|Any CPU.Build.0 = Release|Any CPU
		{AD018AFF-3DA4-40CF-B20E-B5E77BF66B5E}.Debug|Any CPU.ActiveCfg = Debug|Any CPU
		{AD018AFF-3DA4-40CF-B20E-B5E77BF66B5E}.Debug|Any CPU.Build.0 = Debug|Any CPU
		{AD018AFF-3DA4-40CF-B20E-B5E77BF66B5E}.Release|Any CPU.ActiveCfg = Release|Any CPU
		{AD018AFF-3DA4-40CF-B20E-B5E77BF66B5E}.Release|Any CPU.Build.0 = Release|Any CPU
		{FCF305D3-6D7B-4E33-B025-5346EA41F08F}.Debug|Any CPU.ActiveCfg = Debug|Any CPU
		{FCF305D3-6D7B-4E33-B025-5346EA41F08F}.Debug|Any CPU.Build.0 = Debug|Any CPU
		{FCF305D3-6D7B-4E33-B025-5346EA41F08F}.Release|Any CPU.ActiveCfg = Release|Any CPU
		{FCF305D3-6D7B-4E33-B025-5346EA41F08F}.Release|Any CPU.Build.0 = Release|Any CPU
	EndGlobalSection
	GlobalSection(SolutionProperties) = preSolution
		HideSolutionNode = FALSE
	EndGlobalSection
	GlobalSection(NestedProjects) = preSolution
		{49FD69F5-3DD8-43ED-87CD-3B6A2CAFB498} = {E2623069-AF06-4D18-82A3-19F882ADFE53}
		{40ADBFB0-FC83-44ED-8718-DA300EC5B844} = {E2623069-AF06-4D18-82A3-19F882ADFE53}
		{78D3BCDA-C463-45A4-BECD-53011FFEB461} = {8A5248F3-ECC3-456B-A90F-70AFFE8A2894}
		{AD018AFF-3DA4-40CF-B20E-B5E77BF66B5E} = {8A5248F3-ECC3-456B-A90F-70AFFE8A2894}
	EndGlobalSection
EndGlobal
